
Microsoft Visual Studio Solution File, Format Version 12.00
Project("{2150E333-8FDC-42A3-9474-1A3956D46DE8}") = "JwtAuth", "JwtAuth", "{F0BD21AA-13CF-498D-B76D-08DB2B28FD9D}"
EndProject
Project("{FAE04EC0-301F-11D3-BF4B-00C04F79EFBC}") = "Weather.Api", "Weather.Api\Weather.Api.csproj", "{2B0E678E-8BFE-4FCD-811D-72A148E51D1E}"
EndProject
Project("{FAE04EC0-301F-11D3-BF4B-00C04F79EFBC}") = "Identity.Api", "Identity.Api\Identity.Api.csproj", "{D28DEA72-6A67-41C6-AB7C-72A2E6CAD018}"
EndProject
Global
	GlobalSection(SolutionConfigurationPlatforms) = preSolution
		Debug|Any CPU = Debug|Any CPU
		Release|Any CPU = Release|Any CPU
	EndGlobalSection
	GlobalSection(NestedProjects) = preSolution
		{2B0E678E-8BFE-4FCD-811D-72A148E51D1E} = {F0BD21AA-13CF-498D-B76D-08DB2B28FD9D}
		{D28DEA72-6A67-41C6-AB7C-72A2E6CAD018} = {F0BD21AA-13CF-498D-B76D-08DB2B28FD9D}
	EndGlobalSection
	GlobalSection(ProjectConfigurationPlatforms) = postSolution
		{2B0E678E-8BFE-4FCD-811D-72A148E51D1E}.Debug|Any CPU.ActiveCfg = Debug|Any CPU
		{2B0E678E-8BFE-4FCD-811D-72A148E51D1E}.Debug|Any CPU.Build.0 = Debug|Any CPU
		{2B0E678E-8BFE-4FCD-811D-72A148E51D1E}.Release|Any CPU.ActiveCfg = Release|Any CPU
		{2B0E678E-8BFE-4FCD-811D-72A148E51D1E}.Release|Any CPU.Build.0 = Release|Any CPU
		{D28DEA72-6A67-41C6-AB7C-72A2E6CAD018}.Debug|Any CPU.ActiveCfg = Debug|Any CPU
		{D28DEA72-6A67-41C6-AB7C-72A2E6CAD018}.Debug|Any CPU.Build.0 = Debug|Any CPU
		{D28DEA72-6A67-41C6-AB7C-72A2E6CAD018}.Release|Any CPU.ActiveCfg = Release|Any CPU
		{D28DEA72-6A67-41C6-AB7C-72A2E6CAD018}.Release|Any CPU.Build.0 = Release|Any CPU
	EndGlobalSection
EndGlobal
